
Microsoft Visual Studio Solution File, Format Version 12.00
# Visual Studio Version 17
VisualStudioVersion = 17.14.36511.14 d17.14
MinimumVisualStudioVersion = 10.0.40219.1
Project("{54A90642-561A-4BB1-A94E-469ADEE60C69}") = "sampleproject.client", "sampleproject.client\sampleproject.client.esproj", "{47B86B44-AF46-FC4C-8ADA-0F6AF9965642}"
EndProject
Project("{FAE04EC0-301F-11D3-BF4B-00C04F79EFBC}") = "SampleProject.Server", "SampleProject.Server\SampleProject.Server.csproj", "{D5247331-314B-4AF8-A51D-E7CE826FE95E}"
EndProject
Global
	GlobalSection(SolutionConfigurationPlatforms) = preSolution
		Debug|Any CPU = Debug|Any CPU
		Release|Any CPU = Release|Any CPU
	EndGlobalSection
	GlobalSection(ProjectConfigurationPlatforms) = postSolution
		{47B86B44-AF46-FC4C-8ADA-0F6AF9965642}.Debug|Any CPU.ActiveCfg = Debug|Any CPU
		{47B86B44-AF46-FC4C-8ADA-0F6AF9965642}.Debug|Any CPU.Build.0 = Debug|Any CPU
		{47B86B44-AF46-FC4C-8ADA-0F6AF9965642}.Debug|Any CPU.Deploy.0 = Debug|Any CPU
		{47B86B44-AF46-FC4C-8ADA-0F6AF9965642}.Release|Any CPU.ActiveCfg = Release|Any CPU
		{47B86B44-AF46-FC4C-8ADA-0F6AF9965642}.Release|Any CPU.Build.0 = Release|Any CPU
		{47B86B44-AF46-FC4C-8ADA-0F6AF9965642}.Release|Any CPU.Deploy.0 = Release|Any CPU
		{D5247331-314B-4AF8-A51D-E7CE826FE95E}.Debug|Any CPU.ActiveCfg = Debug|Any CPU
		{D5247331-314B-4AF8-A51D-E7CE826FE95E}.Debug|Any CPU.Build.0 = Debug|Any CPU
		{D5247331-314B-4AF8-A51D-E7CE826FE95E}.Release|Any CPU.ActiveCfg = Release|Any CPU
		{D5247331-314B-4AF8-A51D-E7CE826FE95E}.Release|Any CPU.Build.0 = Release|Any CPU
	EndGlobalSection
	GlobalSection(SolutionProperties) = preSolution
		HideSolutionNode = FALSE
	EndGlobalSection
	GlobalSection(ExtensibilityGlobals) = postSolution
		SolutionGuid = {4C49ED69-651B-4A11-896B-C69831A19D31}
	EndGlobalSection
EndGlobal
